
Microsoft Visual Studio Solution File, Format Version 12.00
Project("{2150E333-8FDC-42A3-9474-1A3956D46DE8}") = "OrderList", "OrderList", "{604648D8-ADCC-4CCC-BE4A-E9C283F99348}"
EndProject
Project("{FAE04EC0-301F-11D3-BF4B-00C04F79EFBC}") = "OrderList.Domain", "OrderList\OrderList.Domain\OrderList.Domain.csproj", "{A4A78398-07C9-462D-957E-3C26B98A7E15}"
EndProject
Project("{FAE04EC0-301F-11D3-BF4B-00C04F79EFBC}") = "OrderList.Messaging.RabbitMq", "OrderList\OrderList.Messaging.RabbitMq\OrderList.Messaging.RabbitMq.csproj", "{88C0ADEC-AA58-4ABC-B24D-7424654818DB}"
EndProject
Project("{FAE04EC0-301F-11D3-BF4B-00C04F79EFBC}") = "OrderList.Client.Web", "OrderList\OrderList.Client.Web\OrderList.Client.Web.csproj", "{85E16397-6BCD-4B06-B834-63B2E2956893}"
EndProject
Project("{FAE04EC0-301F-11D3-BF4B-00C04F79EFBC}") = "OrderList.Repository.InMemory", "OrderList\OrderList.Repository.InMemory\OrderList.Repository.InMemory.csproj", "{236F258C-2385-4C8B-8DEC-9820000D77A3}"
EndProject
Project("{FAE04EC0-301F-11D3-BF4B-00C04F79EFBC}") = "OrderList.Repository.Redis", "OrderList\OrderList.Repository.Redis\OrderList.Repository.Redis.csproj", "{DF4C5D4D-3D51-4770-B737-A7921FC830AC}"
EndProject
Project("{2150E333-8FDC-42A3-9474-1A3956D46DE8}") = "OrderManagement", "OrderManagement", "{C58008F8-7B5C-40BC-AA3F-19014126DB06}"
EndProject
Project("{FAE04EC0-301F-11D3-BF4B-00C04F79EFBC}") = "OrderManagement.Client.Web", "OrderManagement\OrderManagement.Client.Web\OrderManagement.Client.Web.csproj", "{1A1C04AE-A955-484E-B9D4-033441C54598}"
EndProject
Project("{FAE04EC0-301F-11D3-BF4B-00C04F79EFBC}") = "OrderManagement.Repository.Mongo", "OrderManagement\OrderManagement.Repository.Mongo\OrderManagement.Repository.Mongo.csproj", "{E445BF32-BD4D-4278-831A-0A6117C57CE8}"
EndProject
Project("{FAE04EC0-301F-11D3-BF4B-00C04F79EFBC}") = "OrderManagement.Domain", "OrderManagement\OrderManagement.Domain\OrderManagement.Domain.csproj", "{41EFC9B9-725B-4FC0-90C3-81F84CEFC501}"
EndProject
Project("{FAE04EC0-301F-11D3-BF4B-00C04F79EFBC}") = "OrderManagement.Messaging.RabbitMQ", "OrderManagement\OrderManagement.Messaging.RabbitMQ\OrderManagement.Messaging.RabbitMQ.csproj", "{B710B1CE-A4DB-495B-9DA8-52CC60EF839A}"
EndProject
Project("{FAE04EC0-301F-11D3-BF4B-00C04F79EFBC}") = "OrderManagement.Repository.InMemory", "OrderManagement\OrderManagement.Repository.InMemory\OrderManagement.Repository.InMemory.csproj", "{B0A3079E-7C97-4036-83B9-8501D00EDCF3}"
EndProject
Project("{2150E333-8FDC-42A3-9474-1A3956D46DE8}") = "ProductInventory", "ProductInventory", "{43693CF3-964E-434D-9DC8-39DBE8F05FA5}"
EndProject
Project("{FAE04EC0-301F-11D3-BF4B-00C04F79EFBC}") = "ProductInventory.Domain", "ProductInventory\ProductInventory.Domain\ProductInventory.Domain.csproj", "{57E63C08-8EB8-44AA-8F47-24272EFF9C98}"
EndProject
Project("{FAE04EC0-301F-11D3-BF4B-00C04F79EFBC}") = "ProductInventory.Repository.InMemory", "ProductInventory\ProductInventory.Repository.InMemory\ProductInventory.Repository.InMemory.csproj", "{C75FA257-E51C-4280-979D-EFF47BA3E78F}"
EndProject
Project("{FAE04EC0-301F-11D3-BF4B-00C04F79EFBC}") = "ProductInventory.Repository.Mongo", "ProductInventory\ProductInventory.Repository.Mongo\ProductInventory.Repository.Mongo.csproj", "{095D24CF-F0A4-4F39-821D-CEC39F00322F}"
EndProject
Project("{FAE04EC0-301F-11D3-BF4B-00C04F79EFBC}") = "ProductInventory.Messaging.RabbitMQ", "ProductInventory\ProductInventory.Messaging.RabbitMQ\ProductInventory.Messaging.RabbitMQ.csproj", "{2A5BBB1B-C5BA-41FA-9E54-2A92A7A732C4}"
EndProject
Project("{FAE04EC0-301F-11D3-BF4B-00C04F79EFBC}") = "ProductInventory.Client.Messaging", "ProductInventory\ProductInventory.Client.Messaging\ProductInventory.Client.Messaging.csproj", "{FADCEDC4-DC62-42F4-B5B2-F9FEF5722D9E}"
EndProject
Project("{FAE04EC0-301F-11D3-BF4B-00C04F79EFBC}") = "ProductInventory.Client.Web", "ProductInventory\ProductInventory.Client.Web\ProductInventory.Client.Web.csproj", "{92D8C4D9-E3AF-4DCB-9B57-6327F94DBE3A}"
EndProject
Project("{FAE04EC0-301F-11D3-BF4B-00C04F79EFBC}") = "ProductInventory.Domain.Tests", "ProductInventory\ProductInventory.Domain.Tests\ProductInventory.Domain.Tests.csproj", "{6D6CD408-2ABE-4BBF-960F-5F5D3D4787CB}"
EndProject
Project("{2150E333-8FDC-42A3-9474-1A3956D46DE8}") = "Common", "Common", "{4B00FE01-B119-4FAC-B0DE-92CCB3830304}"
EndProject
Global
	GlobalSection(SolutionConfigurationPlatforms) = preSolution
		Debug|Any CPU = Debug|Any CPU
		Release|Any CPU = Release|Any CPU
	EndGlobalSection
	GlobalSection(ProjectConfigurationPlatforms) = postSolution
		{A4A78398-07C9-462D-957E-3C26B98A7E15}.Debug|Any CPU.ActiveCfg = Debug|Any CPU
		{A4A78398-07C9-462D-957E-3C26B98A7E15}.Debug|Any CPU.Build.0 = Debug|Any CPU
		{A4A78398-07C9-462D-957E-3C26B98A7E15}.Release|Any CPU.ActiveCfg = Release|Any CPU
		{A4A78398-07C9-462D-957E-3C26B98A7E15}.Release|Any CPU.Build.0 = Release|Any CPU
		{88C0ADEC-AA58-4ABC-B24D-7424654818DB}.Debug|Any CPU.ActiveCfg = Debug|Any CPU
		{88C0ADEC-AA58-4ABC-B24D-7424654818DB}.Debug|Any CPU.Build.0 = Debug|Any CPU
		{88C0ADEC-AA58-4ABC-B24D-7424654818DB}.Release|Any CPU.ActiveCfg = Release|Any CPU
		{88C0ADEC-AA58-4ABC-B24D-7424654818DB}.Release|Any CPU.Build.0 = Release|Any CPU
		{85E16397-6BCD-4B06-B834-63B2E2956893}.Debug|Any CPU.ActiveCfg = Debug|Any CPU
		{85E16397-6BCD-4B06-B834-63B2E2956893}.Debug|Any CPU.Build.0 = Debug|Any CPU
		{85E16397-6BCD-4B06-B834-63B2E2956893}.Release|Any CPU.ActiveCfg = Release|Any CPU
		{85E16397-6BCD-4B06-B834-63B2E2956893}.Release|Any CPU.Build.0 = Release|Any CPU
		{236F258C-2385-4C8B-8DEC-9820000D77A3}.Debug|Any CPU.ActiveCfg = Debug|Any CPU
		{236F258C-2385-4C8B-8DEC-9820000D77A3}.Debug|Any CPU.Build.0 = Debug|Any CPU
		{236F258C-2385-4C8B-8DEC-9820000D77A3}.Release|Any CPU.ActiveCfg = Release|Any CPU
		{236F258C-2385-4C8B-8DEC-9820000D77A3}.Release|Any CPU.Build.0 = Release|Any CPU
		{DF4C5D4D-3D51-4770-B737-A7921FC830AC}.Debug|Any CPU.ActiveCfg = Debug|Any CPU
		{DF4C5D4D-3D51-4770-B737-A7921FC830AC}.Debug|Any CPU.Build.0 = Debug|Any CPU
		{DF4C5D4D-3D51-4770-B737-A7921FC830AC}.Release|Any CPU.ActiveCfg = Release|Any CPU
		{DF4C5D4D-3D51-4770-B737-A7921FC830AC}.Release|Any CPU.Build.0 = Release|Any CPU
		{1A1C04AE-A955-484E-B9D4-033441C54598}.Debug|Any CPU.ActiveCfg = Debug|Any CPU
		{1A1C04AE-A955-484E-B9D4-033441C54598}.Debug|Any CPU.Build.0 = Debug|Any CPU
		{1A1C04AE-A955-484E-B9D4-033441C54598}.Release|Any CPU.ActiveCfg = Release|Any CPU
		{1A1C04AE-A955-484E-B9D4-033441C54598}.Release|Any CPU.Build.0 = Release|Any CPU
		{E445BF32-BD4D-4278-831A-0A6117C57CE8}.Debug|Any CPU.ActiveCfg = Debug|Any CPU
		{E445BF32-BD4D-4278-831A-0A6117C57CE8}.Debug|Any CPU.Build.0 = Debug|Any CPU
		{E445BF32-BD4D-4278-831A-0A6117C57CE8}.Release|Any CPU.ActiveCfg = Release|Any CPU
		{E445BF32-BD4D-4278-831A-0A6117C57CE8}.Release|Any CPU.Build.0 = Release|Any CPU
		{41EFC9B9-725B-4FC0-90C3-81F84CEFC501}.Debug|Any CPU.ActiveCfg = Debug|Any CPU
		{41EFC9B9-725B-4FC0-90C3-81F84CEFC501}.Debug|Any CPU.Build.0 = Debug|Any CPU
		{41EFC9B9-725B-4FC0-90C3-81F84CEFC501}.Release|Any CPU.ActiveCfg = Release|Any CPU
		{41EFC9B9-725B-4FC0-90C3-81F84CEFC501}.Release|Any CPU.Build.0 = Release|Any CPU
		{B710B1CE-A4DB-495B-9DA8-52CC60EF839A}.Debug|Any CPU.ActiveCfg = Debug|Any CPU
		{B710B1CE-A4DB-495B-9DA8-52CC60EF839A}.Debug|Any CPU.Build.0 = Debug|Any CPU
		{B710B1CE-A4DB-495B-9DA8-52CC60EF839A}.Release|Any CPU.ActiveCfg = Release|Any CPU
		{B710B1CE-A4DB-495B-9DA8-52CC60EF839A}.Release|Any CPU.Build.0 = Release|Any CPU
		{B0A3079E-7C97-4036-83B9-8501D00EDCF3}.Debug|Any CPU.ActiveCfg = Debug|Any CPU
		{B0A3079E-7C97-4036-83B9-8501D00EDCF3}.Debug|Any CPU.Build.0 = Debug|Any CPU
		{B0A3079E-7C97-4036-83B9-8501D00EDCF3}.Release|Any CPU.ActiveCfg = Release|Any CPU
		{B0A3079E-7C97-4036-83B9-8501D00EDCF3}.Release|Any CPU.Build.0 = Release|Any CPU
		{57E63C08-8EB8-44AA-8F47-24272EFF9C98}.Debug|Any CPU.ActiveCfg = Debug|Any CPU
		{57E63C08-8EB8-44AA-8F47-24272EFF9C98}.Debug|Any CPU.Build.0 = Debug|Any CPU
		{57E63C08-8EB8-44AA-8F47-24272EFF9C98}.Release|Any CPU.ActiveCfg = Release|Any CPU
		{57E63C08-8EB8-44AA-8F47-24272EFF9C98}.Release|Any CPU.Build.0 = Release|Any CPU
		{C75FA257-E51C-4280-979D-EFF47BA3E78F}.Debug|Any CPU.ActiveCfg = Debug|Any CPU
		{C75FA257-E51C-4280-979D-EFF47BA3E78F}.Debug|Any CPU.Build.0 = Debug|Any CPU
		{C75FA257-E51C-4280-979D-EFF47BA3E78F}.Release|Any CPU.ActiveCfg = Release|Any CPU
		{C75FA257-E51C-4280-979D-EFF47BA3E78F}.Release|Any CPU.Build.0 = Release|Any CPU
		{095D24CF-F0A4-4F39-821D-CEC39F00322F}.Debug|Any CPU.ActiveCfg = Debug|Any CPU
		{095D24CF-F0A4-4F39-821D-CEC39F00322F}.Debug|Any CPU.Build.0 = Debug|Any CPU
		{095D24CF-F0A4-4F39-821D-CEC39F00322F}.Release|Any CPU.ActiveCfg = Release|Any CPU
		{095D24CF-F0A4-4F39-821D-CEC39F00322F}.Release|Any CPU.Build.0 = Release|Any CPU
		{2A5BBB1B-C5BA-41FA-9E54-2A92A7A732C4}.Debug|Any CPU.ActiveCfg = Debug|Any CPU
		{2A5BBB1B-C5BA-41FA-9E54-2A92A7A732C4}.Debug|Any CPU.Build.0 = Debug|Any CPU
		{2A5BBB1B-C5BA-41FA-9E54-2A92A7A732C4}.Release|Any CPU.ActiveCfg = Release|Any CPU
		{2A5BBB1B-C5BA-41FA-9E54-2A92A7A732C4}.Release|Any CPU.Build.0 = Release|Any CPU
		{FADCEDC4-DC62-42F4-B5B2-F9FEF5722D9E}.Debug|Any CPU.ActiveCfg = Debug|Any CPU
		{FADCEDC4-DC62-42F4-B5B2-F9FEF5722D9E}.Debug|Any CPU.Build.0 = Debug|Any CPU
		{FADCEDC4-DC62-42F4-B5B2-F9FEF5722D9E}.Release|Any CPU.ActiveCfg = Release|Any CPU
		{FADCEDC4-DC62-42F4-B5B2-F9FEF5722D9E}.Release|Any CPU.Build.0 = Release|Any CPU
		{92D8C4D9-E3AF-4DCB-9B57-6327F94DBE3A}.Debug|Any CPU.ActiveCfg = Debug|Any CPU
		{92D8C4D9-E3AF-4DCB-9B57-6327F94DBE3A}.Debug|Any CPU.Build.0 = Debug|Any CPU
		{92D8C4D9-E3AF-4DCB-9B57-6327F94DBE3A}.Release|Any CPU.ActiveCfg = Release|Any CPU
		{92D8C4D9-E3AF-4DCB-9B57-6327F94DBE3A}.Release|Any CPU.Build.0 = Release|Any CPU
		{6D6CD408-2ABE-4BBF-960F-5F5D3D4787CB}.Debug|Any CPU.ActiveCfg = Debug|Any CPU
		{6D6CD408-2ABE-4BBF-960F-5F5D3D4787CB}.Debug|Any CPU.Build.0 = Debug|Any CPU
		{6D6CD408-2ABE-4BBF-960F-5F5D3D4787CB}.Release|Any CPU.ActiveCfg = Release|Any CPU
		{6D6CD408-2ABE-4BBF-960F-5F5D3D4787CB}.Release|Any CPU.Build.0 = Release|Any CPU
	EndGlobalSection
	GlobalSection(NestedProjects) = preSolution
		{A4A78398-07C9-462D-957E-3C26B98A7E15} = {604648D8-ADCC-4CCC-BE4A-E9C283F99348}
		{88C0ADEC-AA58-4ABC-B24D-7424654818DB} = {604648D8-ADCC-4CCC-BE4A-E9C283F99348}
		{85E16397-6BCD-4B06-B834-63B2E2956893} = {604648D8-ADCC-4CCC-BE4A-E9C283F99348}
		{236F258C-2385-4C8B-8DEC-9820000D77A3} = {604648D8-ADCC-4CCC-BE4A-E9C283F99348}
		{DF4C5D4D-3D51-4770-B737-A7921FC830AC} = {604648D8-ADCC-4CCC-BE4A-E9C283F99348}
		{1A1C04AE-A955-484E-B9D4-033441C54598} = {C58008F8-7B5C-40BC-AA3F-19014126DB06}
		{E445BF32-BD4D-4278-831A-0A6117C57CE8} = {C58008F8-7B5C-40BC-AA3F-19014126DB06}
		{41EFC9B9-725B-4FC0-90C3-81F84CEFC501} = {C58008F8-7B5C-40BC-AA3F-19014126DB06}
		{B710B1CE-A4DB-495B-9DA8-52CC60EF839A} = {C58008F8-7B5C-40BC-AA3F-19014126DB06}
		{B0A3079E-7C97-4036-83B9-8501D00EDCF3} = {C58008F8-7B5C-40BC-AA3F-19014126DB06}
		{57E63C08-8EB8-44AA-8F47-24272EFF9C98} = {43693CF3-964E-434D-9DC8-39DBE8F05FA5}
		{C75FA257-E51C-4280-979D-EFF47BA3E78F} = {43693CF3-964E-434D-9DC8-39DBE8F05FA5}
		{095D24CF-F0A4-4F39-821D-CEC39F00322F} = {43693CF3-964E-434D-9DC8-39DBE8F05FA5}
		{2A5BBB1B-C5BA-41FA-9E54-2A92A7A732C4} = {43693CF3-964E-434D-9DC8-39DBE8F05FA5}
		{FADCEDC4-DC62-42F4-B5B2-F9FEF5722D9E} = {43693CF3-964E-434D-9DC8-39DBE8F05FA5}
		{92D8C4D9-E3AF-4DCB-9B57-6327F94DBE3A} = {43693CF3-964E-434D-9DC8-39DBE8F05FA5}
		{6D6CD408-2ABE-4BBF-960F-5F5D3D4787CB} = {43693CF3-964E-434D-9DC8-39DBE8F05FA5}
	EndGlobalSection
EndGlobal
